
Microsoft Visual Studio Solution File, Format Version 12.00
# Visual Studio Version 17
VisualStudioVersion = 17.2.32630.192
MinimumVisualStudioVersion = 10.0.40219.1
Project("{9A19103F-16F7-4668-BE54-9A1E7A4F7556}") = "microservice", "microservice.csproj", "{544ED1CA-EB5C-4EB2-B09C-FDE99F9A8C24}"
EndProject
Global
	GlobalSection(SolutionConfigurationPlatforms) = preSolution
		Debug|Any CPU = Debug|Any CPU
		Release|Any CPU = Release|Any CPU
	EndGlobalSection
	GlobalSection(ProjectConfigurationPlatforms) = postSolution
		{544ED1CA-EB5C-4EB2-B09C-FDE99F9A8C24}.Debug|Any CPU.ActiveCfg = Debug|Any CPU
		{544ED1CA-EB5C-4EB2-B09C-FDE99F9A8C24}.Debug|Any CPU.Build.0 = Debug|Any CPU
		{544ED1CA-EB5C-4EB2-B09C-FDE99F9A8C24}.Release|Any CPU.ActiveCfg = Release|Any CPU
		{544ED1CA-EB5C-4EB2-B09C-FDE99F9A8C24}.Release|Any CPU.Build.0 = Release|Any CPU
	EndGlobalSection
	GlobalSection(SolutionProperties) = preSolution
		HideSolutionNode = FALSE
	EndGlobalSection
	GlobalSection(ExtensibilityGlobals) = postSolution
		SolutionGuid = {D3537F03-F1EA-435C-B902-FF4EFCE3FE16}
	EndGlobalSection
EndGlobal
